
Microsoft Visual Studio Solution File, Format Version 12.00
# Visual Studio Version 17
VisualStudioVersion = 17.7.34031.279
MinimumVisualStudioVersion = 10.0.40219.1
Project("{FAE04EC0-301F-11D3-BF4B-00C04F79EFBC}") = "Stock", "Stock.csproj", "{E51E903A-D94B-45A1-BABE-05249E0C51E8}"
EndProject
Global
	GlobalSection(SolutionConfigurationPlatforms) = preSolution
		Debug|Any CPU = Debug|Any CPU
		Release|Any CPU = Release|Any CPU
	EndGlobalSection
	GlobalSection(ProjectConfigurationPlatforms) = postSolution
		{E51E903A-D94B-45A1-BABE-05249E0C51E8}.Debug|Any CPU.ActiveCfg = Debug|Any CPU
		{E51E903A-D94B-45A1-BABE-05249E0C51E8}.Debug|Any CPU.Build.0 = Debug|Any CPU
		{E51E903A-D94B-45A1-BABE-05249E0C51E8}.Release|Any CPU.ActiveCfg = Release|Any CPU
		{E51E903A-D94B-45A1-BABE-05249E0C51E8}.Release|Any CPU.Build.0 = Release|Any CPU
	EndGlobalSection
	GlobalSection(SolutionProperties) = preSolution
		HideSolutionNode = FALSE
	EndGlobalSection
	GlobalSection(ExtensibilityGlobals) = postSolution
		SolutionGuid = {EA6D2195-6819-4DFD-BA7F-6BA1F0CE5AF5}
	EndGlobalSection
EndGlobal
